{
  "name": "example-bundle",
  "lockfileVersion": 3,
  "requires": true,
  "packages": {
    "": {
      "name": "example-bundle",
      "dependencies": {
        "example-cli": "2.0.0"
      }
    },
    "node_modules/example-cli": {
      "version": "2.0.0",
      "resolved": "https://registry.example.invalid/example-cli/-/example-cli-2.0.0.tgz",
      "integrity": "sha512-arShA8DgFAaipczVE8rMVZeDKcrXaW0lFgmqLyu2uS8ZlOMY21CvTnSAK3VUbY9CVjHkdH/BPzpFLRw+m2Q4nw==",
      "dependencies": {
        "example-dep": "^1.0.0"
      },
      "engines": {
        "node": ">=20"
      }
    },
    "node_modules/example-cli/node_modules/example-dep": {
      "version": "1.0.1",
      "resolved": "https://registry.example.invalid/example-dep/-/example-dep-1.0.1.tgz",
      "integrity": "sha512-Y6s1/niu4+Fo4FKgzBAYsbcy/NVIRW/y2OyQL6A9TO/f1SxRHgBMcbuTWwWqRBPFlkHTQDE2bRNKVqjWxYB5Iw=="
    },
    "node_modules/example-dep": {
      "version": "0.8.0",
      "resolved": "https://registry.example.invalid/example-dep/-/example-dep-0.8.0.tgz",
      "integrity": "sha512-mmPR0SRNHeZlbLnUzxDz//c+7jCOXJb2Tmu9ke2Ib7RhMXs7EMCu9kSMZ6pRNtkup5VnQPx9M/5nMzJq/mlWGw=="
    }
  }
}
