{
  "name": "example-bundle",
  "version": "1.0.0",
  "lockfileVersion": 3,
  "requires": true,
  "packages": {
    "": {
      "name": "example-bundle",
      "version": "1.0.0",
      "license": "MIT",
      "dependencies": {
        "example-tools": "1.2.3"
      }
    },
    "node_modules/example-tools": {
      "version": "1.2.3",
      "resolved": "http://127.0.0.1:47613/example-tools/-/example-tools-1.2.3.tgz",
      "integrity": "sha512-3jwV5RC8uSsFSEzU8nBLLkqQSL66LgOBR5cPSa2f6tPYYyfcPDdImfOalmcwnXjXEDav9b6gwM0RECshoCMO/w==",
      "license": "MIT",
      "bin": {
        "alpha": "bin/alpha.js",
        "example-app": "bin/example-app.js",
        "example-term": "bin/example-term.js"
      }
    }
  }
}
